Microsoft Visual Studio Solution File, Format Version 12.00
# Visual Studio Version 17
VisualStudioVersion = 17.5.2.0
MinimumVisualStudioVersion = 10.0.40219.1
Project("{FAE04EC0-301F-11D3-BF4B-00C04F79EFBC}") = "SaborDoBrasil.API", "SaborDoBrasil.API\SaborDoBrasil.API.csproj", "{0CF07552-DBEA-5121-2D54-D71647701CEB}"
EndProject
Project("{FAE04EC0-301F-11D3-BF4B-00C04F79EFBC}") = "SaborDoBrasilAPI", "SaborDoBrasilAPI\SaborDoBrasilAPI.csproj", "{73C28AD0-0948-76B3-E200-D41E66947669}"
EndProject
Global
	GlobalSection(SolutionConfigurationPlatforms) = preSolution
		Debug|Any CPU = Debug|Any CPU
		Release|Any CPU = Release|Any CPU
	EndGlobalSection
	GlobalSection(ProjectConfigurationPlatforms) = postSolution
		{0CF07552-DBEA-5121-2D54-D71647701CEB}.Debug|Any CPU.ActiveCfg = Debug|Any CPU
		{0CF07552-DBEA-5121-2D54-D71647701CEB}.Debug|Any CPU.Build.0 = Debug|Any CPU
		{0CF07552-DBEA-5121-2D54-D71647701CEB}.Release|Any CPU.ActiveCfg = Release|Any CPU
		{0CF07552-DBEA-5121-2D54-D71647701CEB}.Release|Any CPU.Build.0 = Release|Any CPU
		{73C28AD0-0948-76B3-E200-D41E66947669}.Debug|Any CPU.ActiveCfg = Debug|Any CPU
		{73C28AD0-0948-76B3-E200-D41E66947669}.Debug|Any CPU.Build.0 = Debug|Any CPU
		{73C28AD0-0948-76B3-E200-D41E66947669}.Release|Any CPU.ActiveCfg = Release|Any CPU
		{73C28AD0-0948-76B3-E200-D41E66947669}.Release|Any CPU.Build.0 = Release|Any CPU
	EndGlobalSection
	GlobalSection(SolutionProperties) = preSolution
		HideSolutionNode = FALSE
	EndGlobalSection
	GlobalSection(ExtensibilityGlobals) = postSolution
		SolutionGuid = {2784B3A2-D15E-41AE-A37B-4B0EB10D2064}
	EndGlobalSection
EndGlobal
